<?xml version="1.0" encoding="utf-8"?>
<Project ToolsVersion="4.0" xmlns="http://schemas.microsoft.com/developer/msbuild/2003">
  <ItemGroup>
    <Filter Include="Source Files">
      <UniqueIdentifier>{4FC737F1-C7A5-4376-A066-2A32D752A2FF}</UniqueIdentifier>
      <Extensions>cpp;c;cc;cxx;def;odl;idl;hpj;bat;asm;asmx</Extensions>
    </Filter>
    <Filter Include="Header Files">
      <UniqueIdentifier>{93995380-89BD-4b04-88EB-625FBE52EBFB}</UniqueIdentifier>
      <Extensions>h;hh;hpp;hxx;hm;inl;inc;xsd</Extensions>
    </Filter>
    <Filter Include="Resource Files">
      <UniqueIdentifier>{67DA6AB6-F800-4c08-8B7A-83BB121AAD01}</UniqueIdentifier>
      <Extensions>rc;ico;cur;bmp;dlg;rc2;rct;bin;rgs;gif;jpg;jpeg;jpe;resx;tiff;tif;png;wav;mfcribbon-ms</Extensions>
    </Filter>
    <Filter Include="Source Files\GameObjects">
      <UniqueIdentifier>{298c89b2-9ff6-4896-b54c-997ae9a242f7}</UniqueIdentifier>
    </Filter>
    <Filter Include="Source Files\Core">
      <UniqueIdentifier>{8827ab1e-267b-4b94-95f2-91632543a955}</UniqueIdentifier>
    </Filter>
    <Filter Include="Source Files\ResourceLoaders">
      <UniqueIdentifier>{2f10cca7-340b-4185-9632-053cf833b4d8}</UniqueIdentifier>
    </Filter>
    <Filter Include="Source Files\Scenes">
      <UniqueIdentifier>{5ac141b4-824a-471a-9c16-e0d702517204}</UniqueIdentifier>
    </Filter>
    <Filter Include="Source Files\Core\ResourceManager">
      <UniqueIdentifier>{a30802e9-8fae-4b6b-ac29-7993e774608b}</UniqueIdentifier>
    </Filter>
    <Filter Include="Source Files\Core\Silhouette">
      <UniqueIdentifier>{fffe7a5d-b029-468b-8370-a90752ce068c}</UniqueIdentifier>
    </Filter>
    <Filter Include="Source Files\Core\Structure">
      <UniqueIdentifier>{e7a94175-1c7e-4a90-ab14-5a27732876fd}</UniqueIdentifier>
    </Filter>
    <Filter Include="Source Files\Core\Animation">
      <UniqueIdentifier>{f6049a04-991b-4d1a-a14f-bd9920d91c58}</UniqueIdentifier>
    </Filter>
    <Filter Include="Source Files\Animations">
      <UniqueIdentifier>{522f2c52-a4de-4cb3-b2fb-b90b3b183bcf}</UniqueIdentifier>
    </Filter>
  </ItemGroup>
  <ItemGroup>
    <Text Include="ReadMe.txt" />
  </ItemGroup>
  <ItemGroup>
    <ClInclude Include="stdafx.h">
      <Filter>Header Files</Filter>
    </ClInclude>
    <ClInclude Include="targetver.h">
      <Filter>Header Files</Filter>
    </ClInclude>
    <ClInclude Include="MainSceneResourceLoader.h">
      <Filter>Source Files\ResourceLoaders</Filter>
    </ClInclude>
    <ClInclude Include="MainScene.h">
      <Filter>Source Files\Scenes</Filter>
    </ClInclude>
    <ClInclude Include="Cell.h">
      <Filter>Source Files\GameObjects</Filter>
    </ClInclude>
    <ClInclude Include="Field.h">
      <Filter>Source Files\GameObjects</Filter>
    </ClInclude>
    <ClInclude Include="Logo.h">
      <Filter>Source Files\GameObjects</Filter>
    </ClInclude>
    <ClInclude Include="FontResource.h">
      <Filter>Source Files\Core\ResourceManager</Filter>
    </ClInclude>
    <ClInclude Include="Resource.h">
      <Filter>Source Files\Core\ResourceManager</Filter>
    </ClInclude>
    <ClInclude Include="ResourceLoader.h">
      <Filter>Source Files\Core\ResourceManager</Filter>
    </ClInclude>
    <ClInclude Include="ResourceManager.h">
      <Filter>Source Files\Core\ResourceManager</Filter>
    </ClInclude>
    <ClInclude Include="TextureResource.h">
      <Filter>Source Files\Core\ResourceManager</Filter>
    </ClInclude>
    <ClInclude Include="RectangularSilhouette.h">
      <Filter>Source Files\Core\Silhouette</Filter>
    </ClInclude>
    <ClInclude Include="Silhouette.h">
      <Filter>Source Files\Core\Silhouette</Filter>
    </ClInclude>
    <ClInclude Include="GameObject.h">
      <Filter>Source Files\Core\Structure</Filter>
    </ClInclude>
    <ClInclude Include="Scene.h">
      <Filter>Source Files\Core\Structure</Filter>
    </ClInclude>
    <ClInclude Include="Sprite.h">
      <Filter>Source Files\Core\Structure</Filter>
    </ClInclude>
    <ClInclude Include="Animation.h">
      <Filter>Source Files\Core\Animation</Filter>
    </ClInclude>
    <ClInclude Include="KeyFrame.h">
      <Filter>Source Files\Core\Animation</Filter>
    </ClInclude>
    <ClInclude Include="TransformData.h">
      <Filter>Source Files\Core\Structure</Filter>
    </ClInclude>
    <ClInclude Include="WalkAroundFieldAnimation.h">
      <Filter>Source Files\Animations</Filter>
    </ClInclude>
    <ClInclude Include="MouseOnTileAnimation.h">
      <Filter>Source Files\Animations</Filter>
    </ClInclude>
    <ClInclude Include="MouseOutTileAnimation.h">
      <Filter>Source Files\Animations</Filter>
    </ClInclude>
    <ClInclude Include="AnimationTransition.h">
      <Filter>Source Files\Core\Animation</Filter>
    </ClInclude>
    <ClInclude Include="AnimationController.h">
      <Filter>Source Files\Core\Animation</Filter>
    </ClInclude>
    <ClInclude Include="TileAnimationController.h">
      <Filter>Source Files\Animations</Filter>
    </ClInclude>
    <ClInclude Include="TileIdleAnimation.h">
      <Filter>Source Files\Animations</Filter>
    </ClInclude>
    <ClInclude Include="TileShakeAnimation.h">
      <Filter>Source Files\Animations</Filter>
    </ClInclude>
    <ClInclude Include="LogoAnimationController.h">
      <Filter>Source Files\Animations</Filter>
    </ClInclude>
  </ItemGroup>
  <ItemGroup>
    <ClCompile Include="stdafx.cpp">
      <Filter>Source Files</Filter>
    </ClCompile>
    <ClCompile Include="Game.cpp">
      <Filter>Source Files</Filter>
    </ClCompile>
    <ClCompile Include="MainSceneResourceLoader.cpp">
      <Filter>Source Files\ResourceLoaders</Filter>
    </ClCompile>
    <ClCompile Include="MainScene.cpp">
      <Filter>Source Files\Scenes</Filter>
    </ClCompile>
    <ClCompile Include="Cell.cpp">
      <Filter>Source Files\GameObjects</Filter>
    </ClCompile>
    <ClCompile Include="Field.cpp">
      <Filter>Source Files\GameObjects</Filter>
    </ClCompile>
    <ClCompile Include="Logo.cpp">
      <Filter>Source Files\GameObjects</Filter>
    </ClCompile>
    <ClCompile Include="FontResource.cpp">
      <Filter>Source Files\Core\ResourceManager</Filter>
    </ClCompile>
    <ClCompile Include="Resource.cpp">
      <Filter>Source Files\Core\ResourceManager</Filter>
    </ClCompile>
    <ClCompile Include="ResourceLoader.cpp">
      <Filter>Source Files\Core\ResourceManager</Filter>
    </ClCompile>
    <ClCompile Include="ResourceManager.cpp">
      <Filter>Source Files\Core\ResourceManager</Filter>
    </ClCompile>
    <ClCompile Include="TextureResource.cpp">
      <Filter>Source Files\Core\ResourceManager</Filter>
    </ClCompile>
    <ClCompile Include="RectangularSilhouette.cpp">
      <Filter>Source Files\Core\Silhouette</Filter>
    </ClCompile>
    <ClCompile Include="Silhouette.cpp">
      <Filter>Source Files\Core\Silhouette</Filter>
    </ClCompile>
    <ClCompile Include="GameObject.cpp">
      <Filter>Source Files\Core\Structure</Filter>
    </ClCompile>
    <ClCompile Include="Scene.cpp">
      <Filter>Source Files\Core\Structure</Filter>
    </ClCompile>
    <ClCompile Include="Sprite.cpp">
      <Filter>Source Files\Core\Structure</Filter>
    </ClCompile>
    <ClCompile Include="Animation.cpp">
      <Filter>Source Files\Core\Animation</Filter>
    </ClCompile>
    <ClCompile Include="AnimationController.cpp">
      <Filter>Source Files\Core\Animation</Filter>
    </ClCompile>
  </ItemGroup>
  <ItemGroup>
    <None Include="packages.config" />
  </ItemGroup>
  <ItemGroup>
    <Font Include="Resources\arial.ttf">
      <Filter>Resource Files</Filter>
    </Font>
  </ItemGroup>
  <ItemGroup>
    <Image Include="Resources\logo.jpg">
      <Filter>Resource Files</Filter>
    </Image>
  </ItemGroup>
</Project>